// !$*UTF8*$!
{
	archiveVersion = 1;
	classes = {
	};
	objectVersion = 50;
	objects = {

/* Begin PBXBuildFile section */
		EB310C18255D13B200CE503C /* AppDelegate.m in Sources */ = {isa = PBXBuildFile; fileRef = EB310C17255D13B200CE503C /* AppDelegate.m */; };
		EB310C1B255D13B200CE503C /* SceneDelegate.m in Sources */ = {isa = PBXBuildFile; fileRef = EB310C1A255D13B200CE503C /* SceneDelegate.m */; };
		EB310C1E255D13B200CE503C /* TabViewController.m in Sources */ = {isa = PBXBuildFile; fileRef = EB310C1D255D13B200CE503C /* TabViewController.m */; };
		EB310C21255D13B200CE503C /* Main.storyboard in Resources */ = {isa = PBXBuildFile; fileRef = EB310C1F255D13B200CE503C /* Main.storyboard */; };
		EB310C23255D13B500CE503C /* Assets.xcassets in Resources */ = {isa = PBXBuildFile; fileRef = EB310C22255D13B500CE503C /* Assets.xcassets */; };
		EB310C26255D13B500CE503C /* LaunchScreen.storyboard in Resources */ = {isa = PBXBuildFile; fileRef = EB310C24255D13B500CE503C /* LaunchScreen.storyboard */; };
		EB310C29255D13B500CE503C /* main.m in Sources */ = {isa = PBXBuildFile; fileRef = EB310C28255D13B500CE503C /* main.m */; };
		EB310C31255D13F900CE503C /* Person.m in Sources */ = {isa = PBXBuildFile; fileRef = EB310C30255D13F900CE503C /* Person.m */; };
		EB310C34255D231800CE503C /* TableViewCell.m in Sources */ = {isa = PBXBuildFile; fileRef = EB310C33255D231800CE503C /* TableViewCell.m */; };
/* End PBXBuildFile section */

/* Begin PBXFileReference section */
		EB310C13255D13B200CE503C /* OCC.app */ = {isa = PBXFileReference; explicitFileType = wrapper.application; includeInIndex = 0; path = OCC.app; sourceTree = BUILT_PRODUCTS_DIR; };
		EB310C16255D13B200CE503C /* AppDelegate.h */ = {isa = PBXFileReference; lastKnownFileType = sourcecode.c.h; path = AppDelegate.h; sourceTree = "<group>"; };
		EB310C17255D13B200CE503C /* AppDelegate.m */ = {isa = PBXFileReference; lastKnownFileType = sourcecode.c.objc; path = AppDelegate.m; sourceTree = "<group>"; };
		EB310C19255D13B200CE503C /* SceneDelegate.h */ = {isa = PBXFileReference; lastKnownFileType = sourcecode.c.h; path = SceneDelegate.h; sourceTree = "<group>"; };
		EB310C1A255D13B200CE503C /* SceneDelegate.m */ = {isa = PBXFileReference; lastKnownFileType = sourcecode.c.objc; path = SceneDelegate.m; sourceTree = "<group>"; };
		EB310C1C255D13B200CE503C /* TabViewController.h */ = {isa = PBXFileReference; lastKnownFileType = sourcecode.c.h; path = TabViewController.h; sourceTree = "<group>"; };
		EB310C1D255D13B200CE503C /* TabViewController.m */ = {isa = PBXFileReference; lastKnownFileType = sourcecode.c.objc; path = TabViewController.m; sourceTree = "<group>"; };
		EB310C20255D13B200CE503C /* Base */ = {isa = PBXFileReference; lastKnownFileType = file.storyboard; name = Base; path = Base.lproj/Main.storyboard; sourceTree = "<group>"; };
		EB310C22255D13B500CE503C /* Assets.xcassets */ = {isa = PBXFileReference; lastKnownFileType = folder.assetcatalog; path = Assets.xcassets; sourceTree = "<group>"; };
		EB310C25255D13B500CE503C /* Base */ = {isa = PBXFileReference; lastKnownFileType = file.storyboard; name = Base; path = Base.lproj/LaunchScreen.storyboard; sourceTree = "<group>"; };
		EB310C27255D13B500CE503C /* Info.plist */ = {isa = PBXFileReference; lastKnownFileType = text.plist.xml; path = Info.plist; sourceTree = "<group>"; };
		EB310C28255D13B500CE503C /* main.m */ = {isa = PBXFileReference; lastKnownFileType = sourcecode.c.objc; path = main.m; sourceTree = "<group>"; };
		EB310C2F255D13F900CE503C /* Person.h */ = {isa = PBXFileReference; lastKnownFileType = sourcecode.c.h; path = Person.h; sourceTree = "<group>"; };
		EB310C30255D13F900CE503C /* Person.m */ = {isa = PBXFileReference; lastKnownFileType = sourcecode.c.objc; path = Person.m; sourceTree = "<group>"; };
		EB310C32255D231800CE503C /* TableViewCell.h */ = {isa = PBXFileReference; lastKnownFileType = sourcecode.c.h; path = TableViewCell.h; sourceTree = "<group>"; };
		EB310C33255D231800CE503C /* TableViewCell.m */ = {isa = PBXFileReference; lastKnownFileType = sourcecode.c.objc; path = TableViewCell.m; sourceTree = "<group>"; };
/* End PBXFileReference section */

/* Begin PBXFrameworksBuildPhase section */
		EB310C10255D13B200CE503C /* Frameworks */ = {
			isa = PBXFrameworksBuildPhase;
			buildActionMask = 2147483647;
			files = (
			);
			runOnlyForDeploymentPostprocessing = 0;
		};
/* End PBXFrameworksBuildPhase section */

/* Begin PBXGroup section */
		EB310C0A255D13B200CE503C = {
			isa = PBXGroup;
			children = (
				EB310C15255D13B200CE503C /* OCC */,
				EB310C14255D13B200CE503C /* Products */,
			);
			sourceTree = "<group>";
		};
		EB310C14255D13B200CE503C /* Products */ = {
			isa = PBXGroup;
			children = (
				EB310C13255D13B200CE503C /* OCC.app */,
			);
			name = Products;
			sourceTree = "<group>";
		};
		EB310C15255D13B200CE503C /* OCC */ = {
			isa = PBXGroup;
			children = (
				EB310C16255D13B200CE503C /* AppDelegate.h */,
				EB310C17255D13B200CE503C /* AppDelegate.m */,
				EB310C19255D13B200CE503C /* SceneDelegate.h */,
				EB310C1A255D13B200CE503C /* SceneDelegate.m */,
				EB310C1C255D13B200CE503C /* TabViewController.h */,
				EB310C1D255D13B200CE503C /* TabViewController.m */,
				EB310C32255D231800CE503C /* TableViewCell.h */,
				EB310C33255D231800CE503C /* TableViewCell.m */,
				EB310C2F255D13F900CE503C /* Person.h */,
				EB310C30255D13F900CE503C /* Person.m */,
				EB310C1F255D13B200CE503C /* Main.storyboard */,
				EB310C22255D13B500CE503C /* Assets.xcassets */,
				EB310C24255D13B500CE503C /* LaunchScreen.storyboard */,
				EB310C27255D13B500CE503C /* Info.plist */,
				EB310C28255D13B500CE503C /* main.m */,
			);
			path = OCC;
			sourceTree = "<group>";
		};
/* End PBXGroup section */

/* Begin PBXNativeTarget section */
		EB310C12255D13B200CE503C /* OCC */ = {
			isa = PBXNativeTarget;
			buildConfigurationList = EB310C2C255D13B500CE503C /* Build configuration list for PBXNativeTarget "OCC" */;
			buildPhases = (
				EB310C0F255D13B200CE503C /* Sources */,
				EB310C10255D13B200CE503C /* Frameworks */,
				EB310C11255D13B200CE503C /* Resources */,
			);
			buildRules = (
			);
			dependencies = (
			);
			name = OCC;
			productName = OCC;
			productReference = EB310C13255D13B200CE503C /* OCC.app */;
			productType = "com.apple.product-type.application";
		};
/* End PBXNativeTarget section */

/* Begin PBXProject section */
		EB310C0B255D13B200CE503C /* Project object */ = {
			isa = PBXProject;
			attributes = {
				LastUpgradeCheck = 1150;
				ORGANIZATIONNAME = yhw;
				TargetAttributes = {
					EB310C12255D13B200CE503C = {
						CreatedOnToolsVersion = 11.5;
					};
				};
			};
			buildConfigurationList = EB310C0E255D13B200CE503C /* Build configuration list for PBXProject "OCC" */;
			compatibilityVersion = "Xcode 9.3";
			developmentRegion = en;
			hasScannedForEncodings = 0;
			knownRegions = (
				en,
				Base,
			);
			mainGroup = EB310C0A255D13B200CE503C;
			productRefGroup = EB310C14255D13B200CE503C /* Products */;
			projectDirPath = "";
			projectRoot = "";
			targets = (
				EB310C12255D13B200CE503C /* OCC */,
			);
		};
/* End PBXProject section */

/* Begin PBXResourcesBuildPhase section */
		EB310C11255D13B200CE503C /* Resources */ = {
			isa = PBXResourcesBuildPhase;
			buildActionMask = 2147483647;
			files = (
				EB310C26255D13B500CE503C /* LaunchScreen.storyboard in Resources */,
				EB310C23255D13B500CE503C /* Assets.xcassets in Resources */,
				EB310C21255D13B200CE503C /* Main.storyboard in Resources */,
			);
			runOnlyForDeploymentPostprocessing = 0;
		};
/* End PBXResourcesBuildPhase section */

/* Begin PBXSourcesBuildPhase section */
		EB310C0F255D13B200CE503C /* Sources */ = {
			isa = PBXSourcesBuildPhase;
			buildActionMask = 2147483647;
			files = (
				EB310C1E255D13B200CE503C /* TabViewController.m in Sources */,
				EB310C34255D231800CE503C /* TableViewCell.m in Sources */,
				EB310C18255D13B200CE503C /* AppDelegate.m in Sources */,
				EB310C31255D13F900CE503C /* Person.m in Sources */,
				EB310C29255D13B500CE503C /* main.m in Sources */,
				EB310C1B255D13B200CE503C /* SceneDelegate.m in Sources */,
			);
			runOnlyForDeploymentPostprocessing = 0;
		};
/* End PBXSourcesBuildPhase section */

/* Begin PBXVariantGroup section */
		EB310C1F255D13B200CE503C /* Main.storyboard */ = {
			isa = PBXVariantGroup;
			children = (
				EB310C20255D13B200CE503C /* Base */,
			);
			name = Main.storyboard;
			sourceTree = "<group>";
		};
		EB310C24255D13B500CE503C /* LaunchScreen.storyboard */ = {
			isa = PBXVariantGroup;
			children = (
				EB310C25255D13B500CE503C /* Base */,
			);
			name = LaunchScreen.storyboard;
			sourceTree = "<group>";
		};
/* End PBXVariantGroup section */

/* Begin XCBuildConfiguration section */
		EB310C2A255D13B500CE503C /* Debug */ = {
			isa = XCBuildConfiguration;
			buildSettings = {
				ALWAYS_SEARCH_USER_PATHS = NO;
				CLANG_ANALYZER_NONNULL = YES;
				CLANG_ANALYZER_NUMBER_OBJECT_CONVERSION = YES_AGGRESSIVE;
				CLANG_CXX_LANGUAGE_STANDARD = "gnu++14";
				CLANG_CXX_LIBRARY = "libc++";
				CLANG_ENABLE_MODULES = YES;
				CLANG_ENABLE_OBJC_ARC = YES;
				CLANG_ENABLE_OBJC_WEAK = YES;
				CLANG_WARN_BLOCK_CAPTURE_AUTORELEASING = YES;
				CLANG_WARN_BOOL_CONVERSION = YES;
				CLANG_WARN_COMMA = YES;
				CLANG_WARN_CONSTANT_CONVERSION = YES;
				CLANG_WARN_DEPRECATED_OBJC_IMPLEMENTATIONS = YES;
				CLANG_WARN_DIRECT_OBJC_ISA_USAGE = YES_ERROR;
				CLANG_WARN_DOCUMENTATION_COMMENTS = YES;
				CLANG_WARN_EMPTY_BODY = YES;
				CLANG_WARN_ENUM_CONVERSION = YES;
				CLANG_WARN_INFINITE_RECURSION = YES;
				CLANG_WARN_INT_CONVERSION = YES;
				CLANG_WARN_NON_LITERAL_NULL_CONVERSION = YES;
				CLANG_WARN_OBJC_IMPLICIT_RETAIN_SELF = YES;
				CLANG_WARN_OBJC_LITERAL_CONVERSION = YES;
				CLANG_WARN_OBJC_ROOT_CLASS = YES_ERROR;
				CLANG_WARN_RANGE_LOOP_ANALYSIS = YES;
				CLANG_WARN_STRICT_PROTOTYPES = YES;
				CLANG_WARN_SUSPICIOUS_MOVE = YES;
				CLANG_WARN_UNGUARDED_AVAILABILITY = YES_AGGRESSIVE;
				CLANG_WARN_UNREACHABLE_CODE = YES;
				CLANG_WARN__DUPLICATE_METHOD_MATCH = YES;
				COPY_PHASE_STRIP = NO;
				DEBUG_INFORMATION_FORMAT = dwarf;
				ENABLE_STRICT_OBJC_MSGSEND = YES;
				ENABLE_TESTABILITY = YES;
				GCC_C_LANGUAGE_STANDARD = gnu11;
				GCC_DYNAMIC_NO_PIC = NO;
				GCC_NO_COMMON_BLOCKS = YES;
				GCC_OPTIMIZATION_LEVEL = 0;
				GCC_PREPROCESSOR_DEFINITIONS = (
					"DEBUG=1",
					"$(inherited)",
				);
				GCC_WARN_64_TO_32_BIT_CONVERSION = YES;
				GCC_WARN_ABOUT_RETURN_TYPE = YES_ERROR;
				GCC_WARN_UNDECLARED_SELECTOR = YES;
				GCC_WARN_UNINITIALIZED_AUTOS = YES_AGGRESSIVE;
				GCC_WARN_UNUSED_FUNCTION = YES;
				GCC_WARN_UNUSED_VARIABLE = YES;
				IPHONEOS_DEPLOYMENT_TARGET = 13.5;
				MTL_ENABLE_DEBUG_INFO = INCLUDE_SOURCE;
				MTL_FAST_MATH = YES;
				ONLY_ACTIVE_ARCH = YES;
				SDKROOT = iphoneos;
			};
			name = Debug;
		};
		EB310C2B255D13B500CE503C /* Release */ = {
			isa = XCBuildConfiguration;
			buildSettings = {
				ALWAYS_SEARCH_USER_PATHS = NO;
				CLANG_ANALYZER_NONNULL = YES;
				CLANG_ANALYZER_NUMBER_OBJECT_CONVERSION = YES_AGGRESSIVE;
				CLANG_CXX_LANGUAGE_STANDARD = "gnu++14";
				CLANG_CXX_LIBRARY = "libc++";
				CLANG_ENABLE_MODULES = YES;
				CLANG_ENABLE_OBJC_ARC = YES;
				CLANG_ENABLE_OBJC_WEAK = YES;
				CLANG_WARN_BLOCK_CAPTURE_AUTORELEASING = YES;
				CLANG_WARN_BOOL_CONVERSION = YES;
				CLANG_WARN_COMMA = YES;
				CLANG_WARN_CONSTANT_CONVERSION = YES;
				CLANG_WARN_DEPRECATED_OBJC_IMPLEMENTATIONS = YES;
				CLANG_WARN_DIRECT_OBJC_ISA_USAGE = YES_ERROR;
				CLANG_WARN_DOCUMENTATION_COMMENTS = YES;
				CLANG_WARN_EMPTY_BODY = YES;
				CLANG_WARN_ENUM_CONVERSION = YES;
				CLANG_WARN_INFINITE_RECURSION = YES;
				CLANG_WARN_INT_CONVERSION = YES;
				CLANG_WARN_NON_LITERAL_NULL_CONVERSION = YES;
				CLANG_WARN_OBJC_IMPLICIT_RETAIN_SELF = YES;
				CLANG_WARN_OBJC_LITERAL_CONVERSION = YES;
				CLANG_WARN_OBJC_ROOT_CLASS = YES_ERROR;
				CLANG_WARN_RANGE_LOOP_ANALYSIS = YES;
				CLANG_WARN_STRICT_PROTOTYPES = YES;
				CLANG_WARN_SUSPICIOUS_MOVE = YES;
				CLANG_WARN_UNGUARDED_AVAILABILITY = YES_AGGRESSIVE;
				CLANG_WARN_UNREACHABLE_CODE = YES;
				CLANG_WARN__DUPLICATE_METHOD_MATCH = YES;
				COPY_PHASE_STRIP = NO;
				DEBUG_INFORMATION_FORMAT = "dwarf-with-dsym";
				ENABLE_NS_ASSERTIONS = NO;
				ENABLE_STRICT_OBJC_MSGSEND = YES;
				GCC_C_LANGUAGE_STANDARD = gnu11;
				GCC_NO_COMMON_BLOCKS = YES;
				GCC_WARN_64_TO_32_BIT_CONVERSION = YES;
				GCC_WARN_ABOUT_RETURN_TYPE = YES_ERROR;
				GCC_WARN_UNDECLARED_SELECTOR = YES;
				GCC_WARN_UNINITIALIZED_AUTOS = YES_AGGRESSIVE;
				GCC_WARN_UNUSED_FUNCTION = YES;
				GCC_WARN_UNUSED_VARIABLE = YES;
				IPHONEOS_DEPLOYMENT_TARGET = 13.5;
				MTL_ENABLE_DEBUG_INFO = NO;
				MTL_FAST_MATH = YES;
				SDKROOT = iphoneos;
				VALIDATE_PRODUCT = YES;
			};
			name = Release;
		};
		EB310C2D255D13B500CE503C /* Debug */ = {
			isa = XCBuildConfiguration;
			buildSettings = {
				ASSETCATALOG_COMPILER_APPICON_NAME = AppIcon;
				CODE_SIGN_STYLE = Automatic;
				DEVELOPMENT_TEAM = WN7L5KUY92;
				INFOPLIST_FILE = OCC/Info.plist;
				LD_RUNPATH_SEARCH_PATHS = (
					"$(inherited)",
					"@executable_path/Frameworks",
				);
				PRODUCT_BUNDLE_IDENTIFIER = com.yhw.OCC;
				PRODUCT_NAME = "$(TARGET_NAME)";
				TARGETED_DEVICE_FAMILY = "1,2";
			};
			name = Debug;
		};
		EB310C2E255D13B500CE503C /* Release */ = {
			isa = XCBuildConfiguration;
			buildSettings = {
				ASSETCATALOG_COMPILER_APPICON_NAME = AppIcon;
				CODE_SIGN_STYLE = Automatic;
				DEVELOPMENT_TEAM = WN7L5KUY92;
				INFOPLIST_FILE = OCC/Info.plist;
				LD_RUNPATH_SEARCH_PATHS = (
					"$(inherited)",
					"@executable_path/Frameworks",
				);
				PRODUCT_BUNDLE_IDENTIFIER = com.yhw.OCC;
				PRODUCT_NAME = "$(TARGET_NAME)";
				TARGETED_DEVICE_FAMILY = "1,2";
			};
			name = Release;
		};
/* End XCBuildConfiguration section */

/* Begin XCConfigurationList section */
		EB310C0E255D13B200CE503C /* Build configuration list for PBXProject "OCC" */ = {
			isa = XCConfigurationList;
			buildConfigurations = (
				EB310C2A255D13B500CE503C /* Debug */,
				EB310C2B255D13B500CE503C /* Release */,
			);
			defaultConfigurationIsVisible = 0;
			defaultConfigurationName = Release;
		};
		EB310C2C255D13B500CE503C /* Build configuration list for PBXNativeTarget "OCC" */ = {
			isa = XCConfigurationList;
			buildConfigurations = (
				EB310C2D255D13B500CE503C /* Debug */,
				EB310C2E255D13B500CE503C /* Release */,
			);
			defaultConfigurationIsVisible = 0;
			defaultConfigurationName = Release;
		};
/* End XCConfigurationList section */
	};
	rootObject = EB310C0B255D13B200CE503C /* Project object */;
}
